
Microsoft Visual Studio Solution File, Format Version 12.00
# Visual Studio Version 16
VisualStudioVersion = 16.0.31321.278
MinimumVisualStudioVersion = 10.0.40219.1
Project("{FAE04EC0-301F-11D3-BF4B-00C04F79EFBC}") = "UsefulDatastructures", "UsefulDatastructures\UsefulDatastructures.csproj", "{65A640C3-4085-43A6-B5B7-B4BE8ED16DAA}"
EndProject
Global
	GlobalSection(SolutionConfigurationPlatforms) = preSolution
		Debug|Any CPU = Debug|Any CPU
		Release|Any CPU = Release|Any CPU
	EndGlobalSection
	GlobalSection(ProjectConfigurationPlatforms) = postSolution
		{65A640C3-4085-43A6-B5B7-B4BE8ED16DAA}.Debug|Any CPU.ActiveCfg = Debug|Any CPU
		{65A640C3-4085-43A6-B5B7-B4BE8ED16DAA}.Debug|Any CPU.Build.0 = Debug|Any CPU
		{65A640C3-4085-43A6-B5B7-B4BE8ED16DAA}.Release|Any CPU.ActiveCfg = Release|Any CPU
		{65A640C3-4085-43A6-B5B7-B4BE8ED16DAA}.Release|Any CPU.Build.0 = Release|Any CPU
	EndGlobalSection
	GlobalSection(SolutionProperties) = preSolution
		HideSolutionNode = FALSE
	EndGlobalSection
	GlobalSection(ExtensibilityGlobals) = postSolution
		SolutionGuid = {5329C49A-DE19-4C1B-94BA-2F59466D10C5}
	EndGlobalSection
EndGlobal
